// !$*UTF8*$!
{
	archiveVersion = 1;
	classes = {
	};
	objectVersion = 50;
	objects = {

/* Begin PBXBuildFile section */
		9AA4E3DC233C58C700E27D16 /* AppDelegate.swift in Sources */ = {isa = PBXBuildFile; fileRef = 9AA4E3DB233C58C700E27D16 /* AppDelegate.swift */; };
		9AA4E3DE233C58C700E27D16 /* SceneDelegate.swift in Sources */ = {isa = PBXBuildFile; fileRef = 9AA4E3DD233C58C700E27D16 /* SceneDelegate.swift */; };
		9AA4E3E0233C58C700E27D16 /* ViewController1.swift in Sources */ = {isa = PBXBuildFile; fileRef = 9AA4E3DF233C58C700E27D16 /* ViewController1.swift */; };
		9AA4E3E3233C58C700E27D16 /* Main.storyboard in Resources */ = {isa = PBXBuildFile; fileRef = 9AA4E3E1233C58C700E27D16 /* Main.storyboard */; };
		9AA4E3E5233C58C700E27D16 /* Assets.xcassets in Resources */ = {isa = PBXBuildFile; fileRef = 9AA4E3E4233C58C700E27D16 /* Assets.xcassets */; };
		9AA4E3E8233C58C700E27D16 /* LaunchScreen.storyboard in Resources */ = {isa = PBXBuildFile; fileRef = 9AA4E3E6233C58C700E27D16 /* LaunchScreen.storyboard */; };
		9AA4E3F3233C594400E27D16 /* DimmingPresentationController.swift in Sources */ = {isa = PBXBuildFile; fileRef = 9AA4E3F2233C594400E27D16 /* DimmingPresentationController.swift */; };
		9AA4E3F5233C5AB900E27D16 /* DimmingPresentationAnimatedTransitioning.swift in Sources */ = {isa = PBXBuildFile; fileRef = 9AA4E3F4233C5AB900E27D16 /* DimmingPresentationAnimatedTransitioning.swift */; };
		9AA4E3F7233C5ADF00E27D16 /* DimmingDismissalAnimatedTransitioning.swift in Sources */ = {isa = PBXBuildFile; fileRef = 9AA4E3F6233C5ADF00E27D16 /* DimmingDismissalAnimatedTransitioning.swift */; };
		9AA4E3F9233C5BFE00E27D16 /* ViewController2.swift in Sources */ = {isa = PBXBuildFile; fileRef = 9AA4E3F8233C5BFE00E27D16 /* ViewController2.swift */; };
		9AA4E3FB233C5C0500E27D16 /* ViewController3.swift in Sources */ = {isa = PBXBuildFile; fileRef = 9AA4E3FA233C5C0500E27D16 /* ViewController3.swift */; };
		9AA4E3FF233C902F00E27D16 /* DimmingTransitioning.swift in Sources */ = {isa = PBXBuildFile; fileRef = 9AA4E3FE233C902F00E27D16 /* DimmingTransitioning.swift */; };
		9AEE1ED423D03E7900414EF7 /* BottomPresentDelegateObject.swift in Sources */ = {isa = PBXBuildFile; fileRef = 9AEE1ED323D03E7800414EF7 /* BottomPresentDelegateObject.swift */; };
		9AEE1ED723D066D000414EF7 /* BottomPresentViewController.swift in Sources */ = {isa = PBXBuildFile; fileRef = 9AEE1ED523D066D000414EF7 /* BottomPresentViewController.swift */; };
		9AEE1ED823D066D000414EF7 /* BottomPresentViewController.xib in Resources */ = {isa = PBXBuildFile; fileRef = 9AEE1ED623D066D000414EF7 /* BottomPresentViewController.xib */; };
		9AEE1EDB23D163AB00414EF7 /* BottomPresentBaseViewController.swift in Sources */ = {isa = PBXBuildFile; fileRef = 9AEE1EDA23D163AB00414EF7 /* BottomPresentBaseViewController.swift */; };
/* End PBXBuildFile section */

/* Begin PBXFileReference section */
		9AA4E3D8233C58C700E27D16 /* DimmingTransition.app */ = {isa = PBXFileReference; explicitFileType = wrapper.application; includeInIndex = 0; path = DimmingTransition.app; sourceTree = BUILT_PRODUCTS_DIR; };
		9AA4E3DB233C58C700E27D16 /* AppDelegate.swift */ = {isa = PBXFileReference; lastKnownFileType = sourcecode.swift; path = AppDelegate.swift; sourceTree = "<group>"; };
		9AA4E3DD233C58C700E27D16 /* SceneDelegate.swift */ = {isa = PBXFileReference; lastKnownFileType = sourcecode.swift; path = SceneDelegate.swift; sourceTree = "<group>"; };
		9AA4E3DF233C58C700E27D16 /* ViewController1.swift */ = {isa = PBXFileReference; lastKnownFileType = sourcecode.swift; path = ViewController1.swift; sourceTree = "<group>"; };
		9AA4E3E2233C58C700E27D16 /* Base */ = {isa = PBXFileReference; lastKnownFileType = file.storyboard; name = Base; path = Base.lproj/Main.storyboard; sourceTree = "<group>"; };
		9AA4E3E4233C58C700E27D16 /* Assets.xcassets */ = {isa = PBXFileReference; lastKnownFileType = folder.assetcatalog; path = Assets.xcassets; sourceTree = "<group>"; };
		9AA4E3E7233C58C700E27D16 /* Base */ = {isa = PBXFileReference; lastKnownFileType = file.storyboard; name = Base; path = Base.lproj/LaunchScreen.storyboard; sourceTree = "<group>"; };
		9AA4E3E9233C58C700E27D16 /* Info.plist */ = {isa = PBXFileReference; lastKnownFileType = text.plist.xml; path = Info.plist; sourceTree = "<group>"; };
		9AA4E3F2233C594400E27D16 /* DimmingPresentationController.swift */ = {isa = PBXFileReference; lastKnownFileType = sourcecode.swift; path = DimmingPresentationController.swift; sourceTree = "<group>"; };
		9AA4E3F4233C5AB900E27D16 /* DimmingPresentationAnimatedTransitioning.swift */ = {isa = PBXFileReference; lastKnownFileType = sourcecode.swift; path = DimmingPresentationAnimatedTransitioning.swift; sourceTree = "<group>"; };
		9AA4E3F6233C5ADF00E27D16 /* DimmingDismissalAnimatedTransitioning.swift */ = {isa = PBXFileReference; lastKnownFileType = sourcecode.swift; path = DimmingDismissalAnimatedTransitioning.swift; sourceTree = "<group>"; };
		9AA4E3F8233C5BFE00E27D16 /* ViewController2.swift */ = {isa = PBXFileReference; lastKnownFileType = sourcecode.swift; path = ViewController2.swift; sourceTree = "<group>"; };
		9AA4E3FA233C5C0500E27D16 /* ViewController3.swift */ = {isa = PBXFileReference; lastKnownFileType = sourcecode.swift; path = ViewController3.swift; sourceTree = "<group>"; };
		9AA4E3FE233C902F00E27D16 /* DimmingTransitioning.swift */ = {isa = PBXFileReference; lastKnownFileType = sourcecode.swift; path = DimmingTransitioning.swift; sourceTree = "<group>"; };
		9AEE1ED323D03E7800414EF7 /* BottomPresentDelegateObject.swift */ = {isa = PBXFileReference; lastKnownFileType = sourcecode.swift; path = BottomPresentDelegateObject.swift; sourceTree = "<group>"; };
		9AEE1ED523D066D000414EF7 /* BottomPresentViewController.swift */ = {isa = PBXFileReference; lastKnownFileType = sourcecode.swift; path = BottomPresentViewController.swift; sourceTree = "<group>"; };
		9AEE1ED623D066D000414EF7 /* BottomPresentViewController.xib */ = {isa = PBXFileReference; lastKnownFileType = file.xib; path = BottomPresentViewController.xib; sourceTree = "<group>"; };
		9AEE1EDA23D163AB00414EF7 /* BottomPresentBaseViewController.swift */ = {isa = PBXFileReference; lastKnownFileType = sourcecode.swift; path = BottomPresentBaseViewController.swift; sourceTree = "<group>"; };
/* End PBXFileReference section */

/* Begin PBXFrameworksBuildPhase section */
		9AA4E3D5233C58C700E27D16 /* Frameworks */ = {
			isa = PBXFrameworksBuildPhase;
			buildActionMask = 2147483647;
			files = (
			);
			runOnlyForDeploymentPostprocessing = 0;
		};
/* End PBXFrameworksBuildPhase section */

/* Begin PBXGroup section */
		9A0EDC23242BA98B0083A7B4 /* BottomPresent */ = {
			isa = PBXGroup;
			children = (
				9AEE1EDA23D163AB00414EF7 /* BottomPresentBaseViewController.swift */,
				9AEE1ED323D03E7800414EF7 /* BottomPresentDelegateObject.swift */,
			);
			path = BottomPresent;
			sourceTree = "<group>";
		};
		9A0EDC24242BA99B0083A7B4 /* Core */ = {
			isa = PBXGroup;
			children = (
				9AA4E3FE233C902F00E27D16 /* DimmingTransitioning.swift */,
				9AA4E3F4233C5AB900E27D16 /* DimmingPresentationAnimatedTransitioning.swift */,
				9AA4E3F6233C5ADF00E27D16 /* DimmingDismissalAnimatedTransitioning.swift */,
				9AA4E3F2233C594400E27D16 /* DimmingPresentationController.swift */,
			);
			path = Core;
			sourceTree = "<group>";
		};
		9AA4E3CF233C58C600E27D16 = {
			isa = PBXGroup;
			children = (
				9AA4E3DA233C58C700E27D16 /* DimmingTransition */,
				9AA4E3D9233C58C700E27D16 /* Products */,
			);
			sourceTree = "<group>";
		};
		9AA4E3D9233C58C700E27D16 /* Products */ = {
			isa = PBXGroup;
			children = (
				9AA4E3D8233C58C700E27D16 /* DimmingTransition.app */,
			);
			name = Products;
			sourceTree = "<group>";
		};
		9AA4E3DA233C58C700E27D16 /* DimmingTransition */ = {
			isa = PBXGroup;
			children = (
				9AA4E3EF233C58CF00E27D16 /* DimmingTransition */,
				9AA4E3DB233C58C700E27D16 /* AppDelegate.swift */,
				9AA4E3DD233C58C700E27D16 /* SceneDelegate.swift */,
				9AA4E3DF233C58C700E27D16 /* ViewController1.swift */,
				9AA4E3F8233C5BFE00E27D16 /* ViewController2.swift */,
				9AA4E3FA233C5C0500E27D16 /* ViewController3.swift */,
				9AEE1ED923D066D500414EF7 /* BottomPresentExample */,
				9AA4E3E1233C58C700E27D16 /* Main.storyboard */,
				9AA4E3E4233C58C700E27D16 /* Assets.xcassets */,
				9AA4E3E6233C58C700E27D16 /* LaunchScreen.storyboard */,
				9AA4E3E9233C58C700E27D16 /* Info.plist */,
			);
			path = DimmingTransition;
			sourceTree = "<group>";
		};
		9AA4E3EF233C58CF00E27D16 /* DimmingTransition */ = {
			isa = PBXGroup;
			children = (
				9A0EDC24242BA99B0083A7B4 /* Core */,
				9A0EDC23242BA98B0083A7B4 /* BottomPresent */,
			);
			path = DimmingTransition;
			sourceTree = "<group>";
		};
		9AEE1ED923D066D500414EF7 /* BottomPresentExample */ = {
			isa = PBXGroup;
			children = (
				9AEE1ED523D066D000414EF7 /* BottomPresentViewController.swift */,
				9AEE1ED623D066D000414EF7 /* BottomPresentViewController.xib */,
			);
			path = BottomPresentExample;
			sourceTree = "<group>";
		};
/* End PBXGroup section */

/* Begin PBXNativeTarget section */
		9AA4E3D7233C58C700E27D16 /* DimmingTransition */ = {
			isa = PBXNativeTarget;
			buildConfigurationList = 9AA4E3EC233C58C700E27D16 /* Build configuration list for PBXNativeTarget "DimmingTransition" */;
			buildPhases = (
				9AA4E3D4233C58C700E27D16 /* Sources */,
				9AA4E3D5233C58C700E27D16 /* Frameworks */,
				9AA4E3D6233C58C700E27D16 /* Resources */,
			);
			buildRules = (
			);
			dependencies = (
			);
			name = DimmingTransition;
			productName = DimmingTransition;
			productReference = 9AA4E3D8233C58C700E27D16 /* DimmingTransition.app */;
			productType = "com.apple.product-type.application";
		};
/* End PBXNativeTarget section */

/* Begin PBXProject section */
		9AA4E3D0233C58C600E27D16 /* Project object */ = {
			isa = PBXProject;
			attributes = {
				LastSwiftUpdateCheck = 1100;
				LastUpgradeCheck = 1100;
				ORGANIZATIONNAME = "Guang Lei";
				TargetAttributes = {
					9AA4E3D7233C58C700E27D16 = {
						CreatedOnToolsVersion = 11.0;
					};
				};
			};
			buildConfigurationList = 9AA4E3D3233C58C600E27D16 /* Build configuration list for PBXProject "DimmingTransition" */;
			compatibilityVersion = "Xcode 9.3";
			developmentRegion = en;
			hasScannedForEncodings = 0;
			knownRegions = (
				en,
				Base,
			);
			mainGroup = 9AA4E3CF233C58C600E27D16;
			productRefGroup = 9AA4E3D9233C58C700E27D16 /* Products */;
			projectDirPath = "";
			projectRoot = "";
			targets = (
				9AA4E3D7233C58C700E27D16 /* DimmingTransition */,
			);
		};
/* End PBXProject section */

/* Begin PBXResourcesBuildPhase section */
		9AA4E3D6233C58C700E27D16 /* Resources */ = {
			isa = PBXResourcesBuildPhase;
			buildActionMask = 2147483647;
			files = (
				9AA4E3E8233C58C700E27D16 /* LaunchScreen.storyboard in Resources */,
				9AEE1ED823D066D000414EF7 /* BottomPresentViewController.xib in Resources */,
				9AA4E3E5233C58C700E27D16 /* Assets.xcassets in Resources */,
				9AA4E3E3233C58C700E27D16 /* Main.storyboard in Resources */,
			);
			runOnlyForDeploymentPostprocessing = 0;
		};
/* End PBXResourcesBuildPhase section */

/* Begin PBXSourcesBuildPhase section */
		9AA4E3D4233C58C700E27D16 /* Sources */ = {
			isa = PBXSourcesBuildPhase;
			buildActionMask = 2147483647;
			files = (
				9AEE1ED423D03E7900414EF7 /* BottomPresentDelegateObject.swift in Sources */,
				9AA4E3F7233C5ADF00E27D16 /* DimmingDismissalAnimatedTransitioning.swift in Sources */,
				9AA4E3FF233C902F00E27D16 /* DimmingTransitioning.swift in Sources */,
				9AA4E3F9233C5BFE00E27D16 /* ViewController2.swift in Sources */,
				9AEE1EDB23D163AB00414EF7 /* BottomPresentBaseViewController.swift in Sources */,
				9AA4E3FB233C5C0500E27D16 /* ViewController3.swift in Sources */,
				9AA4E3E0233C58C700E27D16 /* ViewController1.swift in Sources */,
				9AA4E3F3233C594400E27D16 /* DimmingPresentationController.swift in Sources */,
				9AEE1ED723D066D000414EF7 /* BottomPresentViewController.swift in Sources */,
				9AA4E3F5233C5AB900E27D16 /* DimmingPresentationAnimatedTransitioning.swift in Sources */,
				9AA4E3DC233C58C700E27D16 /* AppDelegate.swift in Sources */,
				9AA4E3DE233C58C700E27D16 /* SceneDelegate.swift in Sources */,
			);
			runOnlyForDeploymentPostprocessing = 0;
		};
/* End PBXSourcesBuildPhase section */

/* Begin PBXVariantGroup section */
		9AA4E3E1233C58C700E27D16 /* Main.storyboard */ = {
			isa = PBXVariantGroup;
			children = (
				9AA4E3E2233C58C700E27D16 /* Base */,
			);
			name = Main.storyboard;
			sourceTree = "<group>";
		};
		9AA4E3E6233C58C700E27D16 /* LaunchScreen.storyboard */ = {
			isa = PBXVariantGroup;
			children = (
				9AA4E3E7233C58C700E27D16 /* Base */,
			);
			name = LaunchScreen.storyboard;
			sourceTree = "<group>";
		};
/* End PBXVariantGroup section */

/* Begin XCBuildConfiguration section */
		9AA4E3EA233C58C700E27D16 /* Debug */ = {
			isa = XCBuildConfiguration;
			buildSettings = {
				ALWAYS_SEARCH_USER_PATHS = NO;
				CLANG_ANALYZER_NONNULL = YES;
				CLANG_ANALYZER_NUMBER_OBJECT_CONVERSION = YES_AGGRESSIVE;
				CLANG_CXX_LANGUAGE_STANDARD = "gnu++14";
				CLANG_CXX_LIBRARY = "libc++";
				CLANG_ENABLE_MODULES = YES;
				CLANG_ENABLE_OBJC_ARC = YES;
				CLANG_ENABLE_OBJC_WEAK = YES;
				CLANG_WARN_BLOCK_CAPTURE_AUTORELEASING = YES;
				CLANG_WARN_BOOL_CONVERSION = YES;
				CLANG_WARN_COMMA = YES;
				CLANG_WARN_CONSTANT_CONVERSION = YES;
				CLANG_WARN_DEPRECATED_OBJC_IMPLEMENTATIONS = YES;
				CLANG_WARN_DIRECT_OBJC_ISA_USAGE = YES_ERROR;
				CLANG_WARN_DOCUMENTATION_COMMENTS = YES;
				CLANG_WARN_EMPTY_BODY = YES;
				CLANG_WARN_ENUM_CONVERSION = YES;
				CLANG_WARN_INFINITE_RECURSION = YES;
				CLANG_WARN_INT_CONVERSION = YES;
				CLANG_WARN_NON_LITERAL_NULL_CONVERSION = YES;
				CLANG_WARN_OBJC_IMPLICIT_RETAIN_SELF = YES;
				CLANG_WARN_OBJC_LITERAL_CONVERSION = YES;
				CLANG_WARN_OBJC_ROOT_CLASS = YES_ERROR;
				CLANG_WARN_RANGE_LOOP_ANALYSIS = YES;
				CLANG_WARN_STRICT_PROTOTYPES = YES;
				CLANG_WARN_SUSPICIOUS_MOVE = YES;
				CLANG_WARN_UNGUARDED_AVAILABILITY = YES_AGGRESSIVE;
				CLANG_WARN_UNREACHABLE_CODE = YES;
				CLANG_WARN__DUPLICATE_METHOD_MATCH = YES;
				COPY_PHASE_STRIP = NO;
				DEBUG_INFORMATION_FORMAT = dwarf;
				ENABLE_STRICT_OBJC_MSGSEND = YES;
				ENABLE_TESTABILITY = YES;
				GCC_C_LANGUAGE_STANDARD = gnu11;
				GCC_DYNAMIC_NO_PIC = NO;
				GCC_NO_COMMON_BLOCKS = YES;
				GCC_OPTIMIZATION_LEVEL = 0;
				GCC_PREPROCESSOR_DEFINITIONS = (
					"DEBUG=1",
					"$(inherited)",
				);
				GCC_WARN_64_TO_32_BIT_CONVERSION = YES;
				GCC_WARN_ABOUT_RETURN_TYPE = YES_ERROR;
				GCC_WARN_UNDECLARED_SELECTOR = YES;
				GCC_WARN_UNINITIALIZED_AUTOS = YES_AGGRESSIVE;
				GCC_WARN_UNUSED_FUNCTION = YES;
				GCC_WARN_UNUSED_VARIABLE = YES;
				IPHONEOS_DEPLOYMENT_TARGET = 13.0;
				MTL_ENABLE_DEBUG_INFO = INCLUDE_SOURCE;
				MTL_FAST_MATH = YES;
				ONLY_ACTIVE_ARCH = YES;
				SDKROOT = iphoneos;
				SWIFT_ACTIVE_COMPILATION_CONDITIONS = DEBUG;
				SWIFT_OPTIMIZATION_LEVEL = "-Onone";
			};
			name = Debug;
		};
		9AA4E3EB233C58C700E27D16 /* Release */ = {
			isa = XCBuildConfiguration;
			buildSettings = {
				ALWAYS_SEARCH_USER_PATHS = NO;
				CLANG_ANALYZER_NONNULL = YES;
				CLANG_ANALYZER_NUMBER_OBJECT_CONVERSION = YES_AGGRESSIVE;
				CLANG_CXX_LANGUAGE_STANDARD = "gnu++14";
				CLANG_CXX_LIBRARY = "libc++";
				CLANG_ENABLE_MODULES = YES;
				CLANG_ENABLE_OBJC_ARC = YES;
				CLANG_ENABLE_OBJC_WEAK = YES;
				CLANG_WARN_BLOCK_CAPTURE_AUTORELEASING = YES;
				CLANG_WARN_BOOL_CONVERSION = YES;
				CLANG_WARN_COMMA = YES;
				CLANG_WARN_CONSTANT_CONVERSION = YES;
				CLANG_WARN_DEPRECATED_OBJC_IMPLEMENTATIONS = YES;
				CLANG_WARN_DIRECT_OBJC_ISA_USAGE = YES_ERROR;
				CLANG_WARN_DOCUMENTATION_COMMENTS = YES;
				CLANG_WARN_EMPTY_BODY = YES;
				CLANG_WARN_ENUM_CONVERSION = YES;
				CLANG_WARN_INFINITE_RECURSION = YES;
				CLANG_WARN_INT_CONVERSION = YES;
				CLANG_WARN_NON_LITERAL_NULL_CONVERSION = YES;
				CLANG_WARN_OBJC_IMPLICIT_RETAIN_SELF = YES;
				CLANG_WARN_OBJC_LITERAL_CONVERSION = YES;
				CLANG_WARN_OBJC_ROOT_CLASS = YES_ERROR;
				CLANG_WARN_RANGE_LOOP_ANALYSIS = YES;
				CLANG_WARN_STRICT_PROTOTYPES = YES;
				CLANG_WARN_SUSPICIOUS_MOVE = YES;
				CLANG_WARN_UNGUARDED_AVAILABILITY = YES_AGGRESSIVE;
				CLANG_WARN_UNREACHABLE_CODE = YES;
				CLANG_WARN__DUPLICATE_METHOD_MATCH = YES;
				COPY_PHASE_STRIP = NO;
				DEBUG_INFORMATION_FORMAT = "dwarf-with-dsym";
				ENABLE_NS_ASSERTIONS = NO;
				ENABLE_STRICT_OBJC_MSGSEND = YES;
				GCC_C_LANGUAGE_STANDARD = gnu11;
				GCC_NO_COMMON_BLOCKS = YES;
				GCC_WARN_64_TO_32_BIT_CONVERSION = YES;
				GCC_WARN_ABOUT_RETURN_TYPE = YES_ERROR;
				GCC_WARN_UNDECLARED_SELECTOR = YES;
				GCC_WARN_UNINITIALIZED_AUTOS = YES_AGGRESSIVE;
				GCC_WARN_UNUSED_FUNCTION = YES;
				GCC_WARN_UNUSED_VARIABLE = YES;
				IPHONEOS_DEPLOYMENT_TARGET = 13.0;
				MTL_ENABLE_DEBUG_INFO = NO;
				MTL_FAST_MATH = YES;
				SDKROOT = iphoneos;
				SWIFT_COMPILATION_MODE = wholemodule;
				SWIFT_OPTIMIZATION_LEVEL = "-O";
				VALIDATE_PRODUCT = YES;
			};
			name = Release;
		};
		9AA4E3ED233C58C700E27D16 /* Debug */ = {
			isa = XCBuildConfiguration;
			buildSettings = {
				ASSETCATALOG_COMPILER_APPICON_NAME = AppIcon;
				CODE_SIGN_STYLE = Automatic;
				INFOPLIST_FILE = DimmingTransition/Info.plist;
				LD_RUNPATH_SEARCH_PATHS = (
					"$(inherited)",
					"@executable_path/Frameworks",
				);
				PRODUCT_BUNDLE_IDENTIFIER = com.leiguang.DimmingTransition;
				PRODUCT_NAME = "$(TARGET_NAME)";
				SWIFT_VERSION = 5.0;
				TARGETED_DEVICE_FAMILY = "1,2";
			};
			name = Debug;
		};
		9AA4E3EE233C58C700E27D16 /* Release */ = {
			isa = XCBuildConfiguration;
			buildSettings = {
				ASSETCATALOG_COMPILER_APPICON_NAME = AppIcon;
				CODE_SIGN_STYLE = Automatic;
				INFOPLIST_FILE = DimmingTransition/Info.plist;
				LD_RUNPATH_SEARCH_PATHS = (
					"$(inherited)",
					"@executable_path/Frameworks",
				);
				PRODUCT_BUNDLE_IDENTIFIER = com.leiguang.DimmingTransition;
				PRODUCT_NAME = "$(TARGET_NAME)";
				SWIFT_VERSION = 5.0;
				TARGETED_DEVICE_FAMILY = "1,2";
			};
			name = Release;
		};
/* End XCBuildConfiguration section */

/* Begin XCConfigurationList section */
		9AA4E3D3233C58C600E27D16 /* Build configuration list for PBXProject "DimmingTransition" */ = {
			isa = XCConfigurationList;
			buildConfigurations = (
				9AA4E3EA233C58C700E27D16 /* Debug */,
				9AA4E3EB233C58C700E27D16 /* Release */,
			);
			defaultConfigurationIsVisible = 0;
			defaultConfigurationName = Release;
		};
		9AA4E3EC233C58C700E27D16 /* Build configuration list for PBXNativeTarget "DimmingTransition" */ = {
			isa = XCConfigurationList;
			buildConfigurations = (
				9AA4E3ED233C58C700E27D16 /* Debug */,
				9AA4E3EE233C58C700E27D16 /* Release */,
			);
			defaultConfigurationIsVisible = 0;
			defaultConfigurationName = Release;
		};
/* End XCConfigurationList section */
	};
	rootObject = 9AA4E3D0233C58C600E27D16 /* Project object */;
}
